
Microsoft Visual Studio Solution File, Format Version 12.00
# Visual Studio Version 17
VisualStudioVersion = 17.14.36202.13
MinimumVisualStudioVersion = 10.0.40219.1
Project("{2150E333-8FDC-42A3-9474-1A3956D46DE8}") = "src", "src", "{827E0CD3-B72D-47B6-A68D-7590B98EB39B}"
EndProject
Project("{FAE04EC0-301F-11D3-BF4B-00C04F79EFBC}") = "GustosApp.API", "src\GustosApp.API\GustosApp.API.csproj", "{5BEE55DD-7A3A-4B66-88A0-9360AB3122B6}"
EndProject
Project("{2150E333-8FDC-42A3-9474-1A3956D46DE8}") = "test", "test", "{0C88DD14-F956-CE84-757C-A364CCF449FC}"
EndProject
Project("{FAE04EC0-301F-11D3-BF4B-00C04F79EFBC}") = "GustosApp.API.Tests", "test\GustosApp.API.Tests\GustosApp.API.Tests.csproj", "{C9FB3231-50C2-4A8F-8957-86C9CCE83276}"
EndProject
Project("{FAE04EC0-301F-11D3-BF4B-00C04F79EFBC}") = "GustosApp.Application", "src\GustosApp.Application\GustosApp.Application.csproj", "{6D7077D5-5983-4AE9-8354-985BBF34C39F}"
EndProject
Project("{FAE04EC0-301F-11D3-BF4B-00C04F79EFBC}") = "GustosApp.Domain", "src\GustosApp.Domain\GustosApp.Domain.csproj", "{89A3D755-B457-4430-BBC6-77B88C8F0558}"
EndProject
Project("{FAE04EC0-301F-11D3-BF4B-00C04F79EFBC}") = "GustosApp.Infraestructure", "src\GustosApp.Infraestructure\GustosApp.Infraestructure.csproj", "{B4EC62DE-BEC5-4454-85A9-0FFF8AA29757}"
EndProject
Project("{FAE04EC0-301F-11D3-BF4B-00C04F79EFBC}") = "GustosApp.Application.Tests", "GustosApp.Application.Tests\GustosApp.Application.Tests.csproj", "{8EC6F67F-09E0-452E-8911-F796751F64E8}"
EndProject
Global
	GlobalSection(SolutionConfigurationPlatforms) = preSolution
		Debug|Any CPU = Debug|Any CPU
		Debug|x64 = Debug|x64
		Debug|x86 = Debug|x86
		Release|Any CPU = Release|Any CPU
		Release|x64 = Release|x64
		Release|x86 = Release|x86
	EndGlobalSection
	GlobalSection(ProjectConfigurationPlatforms) = postSolution
		{5BEE55DD-7A3A-4B66-88A0-9360AB3122B6}.Debug|Any CPU.ActiveCfg = Debug|Any CPU
		{5BEE55DD-7A3A-4B66-88A0-9360AB3122B6}.Debug|Any CPU.Build.0 = Debug|Any CPU
		{5BEE55DD-7A3A-4B66-88A0-9360AB3122B6}.Debug|x64.ActiveCfg = Debug|Any CPU
		{5BEE55DD-7A3A-4B66-88A0-9360AB3122B6}.Debug|x64.Build.0 = Debug|Any CPU
		{5BEE55DD-7A3A-4B66-88A0-9360AB3122B6}.Debug|x86.ActiveCfg = Debug|Any CPU
		{5BEE55DD-7A3A-4B66-88A0-9360AB3122B6}.Debug|x86.Build.0 = Debug|Any CPU
		{5BEE55DD-7A3A-4B66-88A0-9360AB3122B6}.Release|Any CPU.ActiveCfg = Release|Any CPU
		{5BEE55DD-7A3A-4B66-88A0-9360AB3122B6}.Release|Any CPU.Build.0 = Release|Any CPU
		{5BEE55DD-7A3A-4B66-88A0-9360AB3122B6}.Release|x64.ActiveCfg = Release|Any CPU
		{5BEE55DD-7A3A-4B66-88A0-9360AB3122B6}.Release|x64.Build.0 = Release|Any CPU
		{5BEE55DD-7A3A-4B66-88A0-9360AB3122B6}.Release|x86.ActiveCfg = Release|Any CPU
		{5BEE55DD-7A3A-4B66-88A0-9360AB3122B6}.Release|x86.Build.0 = Release|Any CPU
		{C9FB3231-50C2-4A8F-8957-86C9CCE83276}.Debug|Any CPU.ActiveCfg = Debug|Any CPU
		{C9FB3231-50C2-4A8F-8957-86C9CCE83276}.Debug|Any CPU.Build.0 = Debug|Any CPU
		{C9FB3231-50C2-4A8F-8957-86C9CCE83276}.Debug|x64.ActiveCfg = Debug|Any CPU
		{C9FB3231-50C2-4A8F-8957-86C9CCE83276}.Debug|x64.Build.0 = Debug|Any CPU
		{C9FB3231-50C2-4A8F-8957-86C9CCE83276}.Debug|x86.ActiveCfg = Debug|Any CPU
		{C9FB3231-50C2-4A8F-8957-86C9CCE83276}.Debug|x86.Build.0 = Debug|Any CPU
		{C9FB3231-50C2-4A8F-8957-86C9CCE83276}.Release|Any CPU.ActiveCfg = Release|Any CPU
		{C9FB3231-50C2-4A8F-8957-86C9CCE83276}.Release|Any CPU.Build.0 = Release|Any CPU
		{C9FB3231-50C2-4A8F-8957-86C9CCE83276}.Release|x64.ActiveCfg = Release|Any CPU
		{C9FB3231-50C2-4A8F-8957-86C9CCE83276}.Release|x64.Build.0 = Release|Any CPU
		{C9FB3231-50C2-4A8F-8957-86C9CCE83276}.Release|x86.ActiveCfg = Release|Any CPU
		{C9FB3231-50C2-4A8F-8957-86C9CCE83276}.Release|x86.Build.0 = Release|Any CPU
		{6D7077D5-5983-4AE9-8354-985BBF34C39F}.Debug|Any CPU.ActiveCfg = Debug|Any CPU
		{6D7077D5-5983-4AE9-8354-985BBF34C39F}.Debug|Any CPU.Build.0 = Debug|Any CPU
		{6D7077D5-5983-4AE9-8354-985BBF34C39F}.Debug|x64.ActiveCfg = Debug|Any CPU
		{6D7077D5-5983-4AE9-8354-985BBF34C39F}.Debug|x64.Build.0 = Debug|Any CPU
		{6D7077D5-5983-4AE9-8354-985BBF34C39F}.Debug|x86.ActiveCfg = Debug|Any CPU
		{6D7077D5-5983-4AE9-8354-985BBF34C39F}.Debug|x86.Build.0 = Debug|Any CPU
		{6D7077D5-5983-4AE9-8354-985BBF34C39F}.Release|Any CPU.ActiveCfg = Release|Any CPU
		{6D7077D5-5983-4AE9-8354-985BBF34C39F}.Release|Any CPU.Build.0 = Release|Any CPU
		{6D7077D5-5983-4AE9-8354-985BBF34C39F}.Release|x64.ActiveCfg = Release|Any CPU
		{6D7077D5-5983-4AE9-8354-985BBF34C39F}.Release|x64.Build.0 = Release|Any CPU
		{6D7077D5-5983-4AE9-8354-985BBF34C39F}.Release|x86.ActiveCfg = Release|Any CPU
		{6D7077D5-5983-4AE9-8354-985BBF34C39F}.Release|x86.Build.0 = Release|Any CPU
		{89A3D755-B457-4430-BBC6-77B88C8F0558}.Debug|Any CPU.ActiveCfg = Debug|Any CPU
		{89A3D755-B457-4430-BBC6-77B88C8F0558}.Debug|Any CPU.Build.0 = Debug|Any CPU
		{89A3D755-B457-4430-BBC6-77B88C8F0558}.Debug|x64.ActiveCfg = Debug|Any CPU
		{89A3D755-B457-4430-BBC6-77B88C8F0558}.Debug|x64.Build.0 = Debug|Any CPU
		{89A3D755-B457-4430-BBC6-77B88C8F0558}.Debug|x86.ActiveCfg = Debug|Any CPU
		{89A3D755-B457-4430-BBC6-77B88C8F0558}.Debug|x86.Build.0 = Debug|Any CPU
		{89A3D755-B457-4430-BBC6-77B88C8F0558}.Release|Any CPU.ActiveCfg = Release|Any CPU
		{89A3D755-B457-4430-BBC6-77B88C8F0558}.Release|Any CPU.Build.0 = Release|Any CPU
		{89A3D755-B457-4430-BBC6-77B88C8F0558}.Release|x64.ActiveCfg = Release|Any CPU
		{89A3D755-B457-4430-BBC6-77B88C8F0558}.Release|x64.Build.0 = Release|Any CPU
		{89A3D755-B457-4430-BBC6-77B88C8F0558}.Release|x86.ActiveCfg = Release|Any CPU
		{89A3D755-B457-4430-BBC6-77B88C8F0558}.Release|x86.Build.0 = Release|Any CPU
		{B4EC62DE-BEC5-4454-85A9-0FFF8AA29757}.Debug|Any CPU.ActiveCfg = Debug|Any CPU
		{B4EC62DE-BEC5-4454-85A9-0FFF8AA29757}.Debug|Any CPU.Build.0 = Debug|Any CPU
		{B4EC62DE-BEC5-4454-85A9-0FFF8AA29757}.Debug|x64.ActiveCfg = Debug|Any CPU
		{B4EC62DE-BEC5-4454-85A9-0FFF8AA29757}.Debug|x64.Build.0 = Debug|Any CPU
		{B4EC62DE-BEC5-4454-85A9-0FFF8AA29757}.Debug|x86.ActiveCfg = Debug|Any CPU
		{B4EC62DE-BEC5-4454-85A9-0FFF8AA29757}.Debug|x86.Build.0 = Debug|Any CPU
		{B4EC62DE-BEC5-4454-85A9-0FFF8AA29757}.Release|Any CPU.ActiveCfg = Release|Any CPU
		{B4EC62DE-BEC5-4454-85A9-0FFF8AA29757}.Release|Any CPU.Build.0 = Release|Any CPU
		{B4EC62DE-BEC5-4454-85A9-0FFF8AA29757}.Release|x64.ActiveCfg = Release|Any CPU
		{B4EC62DE-BEC5-4454-85A9-0FFF8AA29757}.Release|x64.Build.0 = Release|Any CPU
		{B4EC62DE-BEC5-4454-85A9-0FFF8AA29757}.Release|x86.ActiveCfg = Release|Any CPU
		{B4EC62DE-BEC5-4454-85A9-0FFF8AA29757}.Release|x86.Build.0 = Release|Any CPU
		{8EC6F67F-09E0-452E-8911-F796751F64E8}.Debug|Any CPU.ActiveCfg = Debug|Any CPU
		{8EC6F67F-09E0-452E-8911-F796751F64E8}.Debug|Any CPU.Build.0 = Debug|Any CPU
		{8EC6F67F-09E0-452E-8911-F796751F64E8}.Debug|x64.ActiveCfg = Debug|Any CPU
		{8EC6F67F-09E0-452E-8911-F796751F64E8}.Debug|x64.Build.0 = Debug|Any CPU
		{8EC6F67F-09E0-452E-8911-F796751F64E8}.Debug|x86.ActiveCfg = Debug|Any CPU
		{8EC6F67F-09E0-452E-8911-F796751F64E8}.Debug|x86.Build.0 = Debug|Any CPU
		{8EC6F67F-09E0-452E-8911-F796751F64E8}.Release|Any CPU.ActiveCfg = Release|Any CPU
		{8EC6F67F-09E0-452E-8911-F796751F64E8}.Release|Any CPU.Build.0 = Release|Any CPU
		{8EC6F67F-09E0-452E-8911-F796751F64E8}.Release|x64.ActiveCfg = Release|Any CPU
		{8EC6F67F-09E0-452E-8911-F796751F64E8}.Release|x64.Build.0 = Release|Any CPU
		{8EC6F67F-09E0-452E-8911-F796751F64E8}.Release|x86.ActiveCfg = Release|Any CPU
		{8EC6F67F-09E0-452E-8911-F796751F64E8}.Release|x86.Build.0 = Release|Any CPU
	EndGlobalSection
	GlobalSection(SolutionProperties) = preSolution
		HideSolutionNode = FALSE
	EndGlobalSection
	GlobalSection(NestedProjects) = preSolution
		{5BEE55DD-7A3A-4B66-88A0-9360AB3122B6} = {827E0CD3-B72D-47B6-A68D-7590B98EB39B}
		{C9FB3231-50C2-4A8F-8957-86C9CCE83276} = {0C88DD14-F956-CE84-757C-A364CCF449FC}
		{6D7077D5-5983-4AE9-8354-985BBF34C39F} = {827E0CD3-B72D-47B6-A68D-7590B98EB39B}
		{89A3D755-B457-4430-BBC6-77B88C8F0558} = {827E0CD3-B72D-47B6-A68D-7590B98EB39B}
		{B4EC62DE-BEC5-4454-85A9-0FFF8AA29757} = {827E0CD3-B72D-47B6-A68D-7590B98EB39B}
		{8EC6F67F-09E0-452E-8911-F796751F64E8} = {0C88DD14-F956-CE84-757C-A364CCF449FC}
	EndGlobalSection
	GlobalSection(ExtensibilityGlobals) = postSolution
		SolutionGuid = {925902E6-5F1E-4EB5-B100-256EA054277E}
	EndGlobalSection
EndGlobal
